
Microsoft Visual Studio Solution File, Format Version 12.00
# Visual Studio Version 17
VisualStudioVersion = 17.0.31903.59
MinimumVisualStudioVersion = 10.0.40219.1
Project("{2150E333-8FDC-42A3-9474-1A3956D46DE8}") = "API", "API", "{D745DC28-FB4A-4FC8-9332-41C5C72F8982}"
EndProject
Project("{2150E333-8FDC-42A3-9474-1A3956D46DE8}") = "Core", "Core", "{E2B2D50D-50AC-4835-9937-07C17EFF41A7}"
EndProject
Project("{2150E333-8FDC-42A3-9474-1A3956D46DE8}") = "UI", "UI", "{320F053D-6B38-4AD8-AB3A-44952D574821}"
EndProject
Project("{2150E333-8FDC-42A3-9474-1A3956D46DE8}") = "Persistence", "Persistence", "{C024B79D-DA0D-43AA-9869-47039786F591}"
EndProject
Project("{2150E333-8FDC-42A3-9474-1A3956D46DE8}") = "Tests", "Tests", "{AA175E8B-BC9E-4714-88A6-6194980092F0}"
EndProject
Project("{9A19103F-16F7-4668-BE54-9A1E7A4F7556}") = "Planerve.App.Core.UnitTests", "tests\Planerve.App.Core.UnitTests\Planerve.App.Core.UnitTests.csproj", "{8AB7D0FB-E4C8-4473-9032-BAE4E49D5B03}"
EndProject
Project("{9A19103F-16F7-4668-BE54-9A1E7A4F7556}") = "Planerve.App.UI", "Planerve.App.UI\Planerve.App.UI.csproj", "{3A6E6FB8-B6E0-4406-AF49-31C6AF97C901}"
EndProject
Project("{9A19103F-16F7-4668-BE54-9A1E7A4F7556}") = "Planerve.App.Persistence", "Planerve.App.Persistence\Planerve.App.Persistence.csproj", "{19806725-B8D4-4C32-B654-17374E6D5D84}"
EndProject
Project("{9A19103F-16F7-4668-BE54-9A1E7A4F7556}") = "Planerve.App.Core", "Planerve.App.Core\Planerve.App.Core.csproj", "{00B15FE3-6DCD-46B6-9F3D-DBB34E3F05EF}"
EndProject
Project("{9A19103F-16F7-4668-BE54-9A1E7A4F7556}") = "Planerve.App.Domain", "Planerve.App.Domain\Planerve.App.Domain.csproj", "{F4DAC79F-33E2-4124-ABAD-E8C67E9C3DC6}"
EndProject
Project("{9A19103F-16F7-4668-BE54-9A1E7A4F7556}") = "Planerve.App.API", "Planerve.App.API\Planerve.App.API.csproj", "{B63BBDC0-34D9-4138-BC23-CD9E216C1CFB}"
EndProject
Project("{9A19103F-16F7-4668-BE54-9A1E7A4F7556}") = "Planerve.App.API.UnitTests", "Tests\Planerve.App.API.UnitTests\Planerve.App.API.UnitTests.csproj", "{28C73017-CC36-4141-9670-34D135199D07}"
EndProject
Global
	GlobalSection(SolutionConfigurationPlatforms) = preSolution
		Debug|Any CPU = Debug|Any CPU
		Release|Any CPU = Release|Any CPU
	EndGlobalSection
	GlobalSection(ProjectConfigurationPlatforms) = postSolution
		{8AB7D0FB-E4C8-4473-9032-BAE4E49D5B03}.Debug|Any CPU.ActiveCfg = Debug|Any CPU
		{8AB7D0FB-E4C8-4473-9032-BAE4E49D5B03}.Debug|Any CPU.Build.0 = Debug|Any CPU
		{8AB7D0FB-E4C8-4473-9032-BAE4E49D5B03}.Release|Any CPU.ActiveCfg = Release|Any CPU
		{8AB7D0FB-E4C8-4473-9032-BAE4E49D5B03}.Release|Any CPU.Build.0 = Release|Any CPU
		{3A6E6FB8-B6E0-4406-AF49-31C6AF97C901}.Debug|Any CPU.ActiveCfg = Debug|Any CPU
		{3A6E6FB8-B6E0-4406-AF49-31C6AF97C901}.Debug|Any CPU.Build.0 = Debug|Any CPU
		{3A6E6FB8-B6E0-4406-AF49-31C6AF97C901}.Release|Any CPU.ActiveCfg = Release|Any CPU
		{3A6E6FB8-B6E0-4406-AF49-31C6AF97C901}.Release|Any CPU.Build.0 = Release|Any CPU
		{19806725-B8D4-4C32-B654-17374E6D5D84}.Debug|Any CPU.ActiveCfg = Debug|Any CPU
		{19806725-B8D4-4C32-B654-17374E6D5D84}.Debug|Any CPU.Build.0 = Debug|Any CPU
		{19806725-B8D4-4C32-B654-17374E6D5D84}.Release|Any CPU.ActiveCfg = Release|Any CPU
		{19806725-B8D4-4C32-B654-17374E6D5D84}.Release|Any CPU.Build.0 = Release|Any CPU
		{00B15FE3-6DCD-46B6-9F3D-DBB34E3F05EF}.Debug|Any CPU.ActiveCfg = Debug|Any CPU
		{00B15FE3-6DCD-46B6-9F3D-DBB34E3F05EF}.Debug|Any CPU.Build.0 = Debug|Any CPU
		{00B15FE3-6DCD-46B6-9F3D-DBB34E3F05EF}.Release|Any CPU.ActiveCfg = Release|Any CPU
		{00B15FE3-6DCD-46B6-9F3D-DBB34E3F05EF}.Release|Any CPU.Build.0 = Release|Any CPU
		{F4DAC79F-33E2-4124-ABAD-E8C67E9C3DC6}.Debug|Any CPU.ActiveCfg = Debug|Any CPU
		{F4DAC79F-33E2-4124-ABAD-E8C67E9C3DC6}.Debug|Any CPU.Build.0 = Debug|Any CPU
		{F4DAC79F-33E2-4124-ABAD-E8C67E9C3DC6}.Release|Any CPU.ActiveCfg = Release|Any CPU
		{F4DAC79F-33E2-4124-ABAD-E8C67E9C3DC6}.Release|Any CPU.Build.0 = Release|Any CPU
		{B63BBDC0-34D9-4138-BC23-CD9E216C1CFB}.Debug|Any CPU.ActiveCfg = Debug|Any CPU
		{B63BBDC0-34D9-4138-BC23-CD9E216C1CFB}.Debug|Any CPU.Build.0 = Debug|Any CPU
		{B63BBDC0-34D9-4138-BC23-CD9E216C1CFB}.Release|Any CPU.ActiveCfg = Release|Any CPU
		{B63BBDC0-34D9-4138-BC23-CD9E216C1CFB}.Release|Any CPU.Build.0 = Release|Any CPU
		{28C73017-CC36-4141-9670-34D135199D07}.Debug|Any CPU.ActiveCfg = Debug|Any CPU
		{28C73017-CC36-4141-9670-34D135199D07}.Debug|Any CPU.Build.0 = Debug|Any CPU
		{28C73017-CC36-4141-9670-34D135199D07}.Release|Any CPU.ActiveCfg = Release|Any CPU
		{28C73017-CC36-4141-9670-34D135199D07}.Release|Any CPU.Build.0 = Release|Any CPU
	EndGlobalSection
	GlobalSection(SolutionProperties) = preSolution
		HideSolutionNode = FALSE
	EndGlobalSection
	GlobalSection(NestedProjects) = preSolution
		{8AB7D0FB-E4C8-4473-9032-BAE4E49D5B03} = {AA175E8B-BC9E-4714-88A6-6194980092F0}
		{3A6E6FB8-B6E0-4406-AF49-31C6AF97C901} = {320F053D-6B38-4AD8-AB3A-44952D574821}
		{19806725-B8D4-4C32-B654-17374E6D5D84} = {C024B79D-DA0D-43AA-9869-47039786F591}
		{00B15FE3-6DCD-46B6-9F3D-DBB34E3F05EF} = {E2B2D50D-50AC-4835-9937-07C17EFF41A7}
		{F4DAC79F-33E2-4124-ABAD-E8C67E9C3DC6} = {E2B2D50D-50AC-4835-9937-07C17EFF41A7}
		{B63BBDC0-34D9-4138-BC23-CD9E216C1CFB} = {D745DC28-FB4A-4FC8-9332-41C5C72F8982}
		{28C73017-CC36-4141-9670-34D135199D07} = {AA175E8B-BC9E-4714-88A6-6194980092F0}
	EndGlobalSection
	GlobalSection(ExtensibilityGlobals) = postSolution
		SolutionGuid = {85F93DD7-5373-438A-B58D-E73D43833F82}
	EndGlobalSection
EndGlobal
